
Microsoft Visual Studio Solution File, Format Version 12.00
# Visual Studio Version 17
VisualStudioVersion = 17.1.32328.378
MinimumVisualStudioVersion = 10.0.40219.1
Project("{FAE04EC0-301F-11D3-BF4B-00C04F79EFBC}") = "TelecomView", "Telecom\TelecomView.csproj", "{622250AE-D8FB-46DD-9E36-7597A03DC7CA}"
EndProject
Project("{FAE04EC0-301F-11D3-BF4B-00C04F79EFBC}") = "TelecomDB", "TelecomLogic\TelecomDB.csproj", "{C7ADEE7D-6D1D-4342-B51A-97A0DE947955}"
EndProject
Project("{FAE04EC0-301F-11D3-BF4B-00C04F79EFBC}") = "TelecomLogic", "TelecomDatabase\TelecomLogic.csproj", "{A9EEAE51-E5DC-475E-8E7C-4A9E312389FE}"
EndProject
Global
	GlobalSection(SolutionConfigurationPlatforms) = preSolution
		Debug|Any CPU = Debug|Any CPU
		Release|Any CPU = Release|Any CPU
	EndGlobalSection
	GlobalSection(ProjectConfigurationPlatforms) = postSolution
		{622250AE-D8FB-46DD-9E36-7597A03DC7CA}.Debug|Any CPU.ActiveCfg = Debug|Any CPU
		{622250AE-D8FB-46DD-9E36-7597A03DC7CA}.Debug|Any CPU.Build.0 = Debug|Any CPU
		{622250AE-D8FB-46DD-9E36-7597A03DC7CA}.Release|Any CPU.ActiveCfg = Release|Any CPU
		{622250AE-D8FB-46DD-9E36-7597A03DC7CA}.Release|Any CPU.Build.0 = Release|Any CPU
		{C7ADEE7D-6D1D-4342-B51A-97A0DE947955}.Debug|Any CPU.ActiveCfg = Debug|Any CPU
		{C7ADEE7D-6D1D-4342-B51A-97A0DE947955}.Debug|Any CPU.Build.0 = Debug|Any CPU
		{C7ADEE7D-6D1D-4342-B51A-97A0DE947955}.Release|Any CPU.ActiveCfg = Release|Any CPU
		{C7ADEE7D-6D1D-4342-B51A-97A0DE947955}.Release|Any CPU.Build.0 = Release|Any CPU
		{A9EEAE51-E5DC-475E-8E7C-4A9E312389FE}.Debug|Any CPU.ActiveCfg = Debug|Any CPU
		{A9EEAE51-E5DC-475E-8E7C-4A9E312389FE}.Debug|Any CPU.Build.0 = Debug|Any CPU
		{A9EEAE51-E5DC-475E-8E7C-4A9E312389FE}.Release|Any CPU.ActiveCfg = Release|Any CPU
		{A9EEAE51-E5DC-475E-8E7C-4A9E312389FE}.Release|Any CPU.Build.0 = Release|Any CPU
	EndGlobalSection
	GlobalSection(SolutionProperties) = preSolution
		HideSolutionNode = FALSE
	EndGlobalSection
	GlobalSection(ExtensibilityGlobals) = postSolution
		SolutionGuid = {8760AF31-6D7C-4028-BF19-7346AA6CAE0B}
	EndGlobalSection
EndGlobal
